github.com/Joker/hpp v1.0.0 h1:65+iuJYdRXv/XyN62C1uEmmOx3432rNG/rKlX6V7Kkc=
github.com/Joker/hpp v1.0.0/go.mod h1:8x5n+M1Hp5hC0g8okX3sR3vFQwynaX/UgSOM9MeBKzY=
github.com/Joker/jade v1.1.3 h1:Qbeh12Vq6BxURXT1qZBRHsDxeURB8ztcL6f3EXSGeHk=
github.com/Joker/jade v1.1.3/go.mod h1:T+2WLyt7VH6Lp0TRxQrUYEs64nRc83wkMQrfeIQKduM=
github.com/andybalholm/brotli v1.0.5 h1:8uQZIdzKmjc/iuPu7O2ioW48L81FgatrcpfFmiq/cCs=
github.com/andybalholm/brotli v1.0.5/go.mod h1:fO7iG3H7G2nSZ7m0zPUDn85XEX2GTukHGRSepvi9Eig=
github.com/davecgh/go-spew v1.1.0/go.mod h1:J7Y8YcW2NihsgmVo/mv3lAwl/skON4iLHjSsI+c5H38=
github.com/dustin/go-humanize v1.0.1 h1:GzkhY7T5VNhEkwH0PVJgjz+fX1rhBrR7pRT3mDkpeCY=
github.com/dustin/go-humanize v1.0.1/go.mod h1:Mu1zIs6XwVuF/gI1OepvI0qD18qycQx+mFykh5fBlto=
github.com/fatih/color v1.15.0 h1:kOqh6YHBtK8aywxGerMG2Eq3H6Qgoqeo13Bk2Mv/nBs=
github.com/fatih/color v1.15.0/go.mod h1:0h5ZqXfHYED7Bhv2ZJamyIOUej9KtShiJESRwBDUSsw=
github.com/go-sql-driver/mysql v1.7.1 h1:lUIinVbN1DY0xBg0eMOzmmtGoHwWBbvnWubQUrtU8EI=
github.com/go-sql-driver/mysql v1.7.1/go.mod h1:OXbVy3sEdcQ2Doequ6Z5BW6fXNQTmx+9S1MCJN5yJMI=
github.com/goccy/go-json v0.10.2 h1:CrxCmQqYDkv1z7lO7Wbh2HN93uovUHgrECaO5ZrCXAU=
github.com/goccy/go-json v0.10.2/go.mod h1:6MelG93GURQebXPDq3khkgXZkazVtN9CRI+MGFi0w8I=
github.com/gofiber/fiber/v2 v2.49.2 h1:ONEN3/Vc+dUCxxDgZZwpqvhISgHqb+bu+isBiEyKEQs=
github.com/gofiber/fiber/v2 v2.49.2/go.mod h1:gNsKnyrmfEWFpJxQAV0qvW6l70K1dZGno12oLtukcts=
github.com/gofiber/template v1.8.2 h1:PIv9s/7Uq6m+Fm2MDNd20pAFFKt5wWs7ZBd8iV9pWwk=
github.com/gofiber/template v1.8.2/go.mod h1:bs/2n0pSNPOkRa5VJ8zTIvedcI/lEYxzV3+YPXdBvq8=
github.com/gofiber/template/pug/v2 v2.1.4 h1:gW4ndPrnfLZsKbUzdwxwT6Z5+FbnUC2WoNFtn6LEQiA=
github.com/gofiber/template/pug/v2 v2.1.4/go.mod h1:NbdJ0p0vzbAHwO6PWO77KEHoW1OD300gASkodF0mInU=
github.com/gofiber/utils v1.1.0 h1:vdEBpn7AzIUJRhe+CiTOJdUcTg4Q9RK+pEa0KPbLdrM=
github.com/gofiber/utils v1.1.0/go.mod h1:poZpsnhBykfnY1Mc0KeEa6mSHrS3dV0+oBWyeQmb2e0=
github.com/golang-jwt/jwt/v5 v5.0.0 h1:1n1XNM9hk7O9mnQoNBGolZvzebBQ7p93ULHRc28XJUE=
github.com/golang-jwt/jwt/v5 v5.0.0/go.mod h1:pqrtFR0X4osieyHYxtmOUWsAWrfe1Q5UVIyoH402zdk=
github.com/google/uuid v1.3.1 h1:KjJaJ9iWZ3jOFZIf1Lqf4laDRCasjl0BCmnEGxkdLb4=
github.com/google/uuid v1.3.1/go.mod h1:TIyPZe4MgqvfeYDBFedMoGGpEw/LqOeaOT+nhxU+yHo=
github.com/jinzhu/inflection v1.0.0 h1:K317FqzuhWc8YvSVlFMCCUb36O/S9MCKRDI7QkRKD/E=
github.com/jinzhu/inflection v1.0.0/go.mod h1:h+uFLlag+Qp1Va5pdKtLDYj+kHp5pxUVkryuEj+Srlc=
github.com/joho/godotenv v1.5.1 h1:7eLL/+HRGLY0ldzfGMeQkb7vMd0as4CfYvUVzLqw0N0=
github.com/joho/godotenv v1.5.1/go.mod h1:f4LDr5Voq0i2e/R5DDNOoa2zzDfwtkZa6DnEwAbqwq4=
github.com/kballard/go-shellquote v0.0.0-20180428030007-95032a82bc51 h1:Z9n2FFNUXsshfwJMBgNA0RU6/i7WVaAegv3PtuIHPMs=
github.com/kballard/go-shellquote v0.0.0-20180428030007-95032a82bc51/go.mod h1:CzGEWj7cYgsdH8dAjBGEr58BoE7ScuLd+fwFZ44+/x8=
github.com/klauspost/compress v1.16.7 h1:2mk3MPGNzKyxErAw8YaohYh69+pa4sIQSC0fPGCFR9I=
github.com/klauspost/compress v1.16.7/go.mod h1:ntbaceVETuRiXiv4DpjP66DpAtAGkEQskQzEyD//IeE=
github.com/mattn/go-colorable v0.1.13 h1:fFA4WZxdEF4tXPZVKMLwD8oUnCTTo08duU7wxecdEvA=
github.com/mattn/go-colorable v0.1.13/go.mod h1:7S9/ev0klgBDR4GtXTXX8a3vIGJpMovkB8vQcUbaXHg=
github.com/mattn/go-isatty v0.0.16/go.mod h1:kYGgaQfpe5nmfYZH+SKPsOc2e4SrIfOl2e/yFXSvRLM=
github.com/mattn/go-isatty v0.0.19 h1:JITubQf0MOLdlGRuRq+jtsDlekdYPia9ZFsB8h/APPA=
github.com/mattn/go-isatty v0.0.19/go.mod h1:W+V8PltTTMOvKvAeJH7IuucS94S2C6jfK/D7dTCTo3Y=
github.com/mattn/go-runewidth v0.0.15 h1:UNAjwbU9l54TA3KzvqLGxwWjHmMgBUVhBiTjelZgg3U=
github.com/mattn/go-runewidth v0.0.15/go.mod h1:Jdepj2loyihRzMpdS35Xk/zdY8IAYHsh153qUoGf23w=
github.com/mattn/go-sqlite3 v1.14.17 h1:mCRHCLDUBXgpKAqIKsaAaAsrAlbkeomtRFKXh2L6YIM=
github.com/mattn/go-sqlite3 v1.14.17/go.mod h1:2eHXhiwb8IkHr+BDWZGa96P6+rkvnG63S2DGjv9HUNg=
github.com/pmezard/go-difflib v1.0.0/go.mod h1:iKH77koFhYxTK1pcRnkKkqfTogsbg7gZNVY4sRDYZ/4=
github.com/ramya-rao-a/go-outline v0.0.0-20210608161538-9736a4bde949 h1:iaD+iVf9xGfajsJp+zYrg9Lrk6gMJ6/hZHO4cYq5D5o=
github.com/ramya-rao-a/go-outline v0.0.0-20210608161538-9736a4bde949/go.mod h1:9V3eNbj9Z53yO7cKB6cSX9f0O7rYdIiuGBhjA1YsQuw=
github.com/remyoudompheng/bigfft v0.0.0-20230129092748-24d4a6f8daec h1:W09IVJc94icq4NjY3clb7Lk8O1qJ8BdBEF8z0ibU0rE=
github.com/remyoudompheng/bigfft v0.0.0-20230129092748-24d4a6f8daec/go.mod h1:qqbHyh8v60DhA7CoWK5oRCqLrMHRGoxYCSS9EjAz6Eo=
github.com/rivo/uniseg v0.2.0/go.mod h1:J6wj4VEh+S6ZtnVlnTBMWIodfgj8LQOQFoIToxlJtxc=
github.com/rivo/uniseg v0.4.4 h1:8TfxU8dW6PdqD27gjM8MVNuicgxIjxpm4K7x4jp8sis=
github.com/rivo/uniseg v0.4.4/go.mod h1:FN3SvrM+Zdj16jyLfmOkMNblXMcoc8DfTHruCPUcx88=
github.com/stretchr/objx v0.1.0/go.mod h1:HFkY916IF+rwdDfMAkV7OtwuqBVzrE8GR6GFx+wExME=
github.com/stretchr/testify v1.6.1/go.mod h1:6Fq8oRcR53rry900zMqJjRRixrwX3KX962/h/Wwjteg=
github.com/tmthrgd/go-hex v0.0.0-20190904060850-447a3041c3bc h1:9lRDQMhESg+zvGYmW5DyG0UqvY96Bu5QYsTLvCHdrgo=
github.com/tmthrgd/go-hex v0.0.0-20190904060850-447a3041c3bc/go.mod h1:bciPuU6GHm1iF1pBvUfxfsH0Wmnc2VbpgvbI9ZWuIRs=
github.com/uptrace/bun v1.1.15 h1:uxLNIo1VN8pkJ8rykwPBd9qYg4NDTvjHIintnwoQ3QY=
github.com/uptrace/bun v1.1.15/go.mod h1:7HnsMRRvpLFUcquJxp22JO8PsWKpFQO/gNXqqsuGWg8=
github.com/uptrace/bun v1.1.16 h1:cn9cgEMFwcyYRsQLfxCRMUxyK1WaHwOVrR3TvzEFZ/A=
github.com/uptrace/bun v1.1.16/go.mod h1:7HnsMRRvpLFUcquJxp22JO8PsWKpFQO/gNXqqsuGWg8=
github.com/uptrace/bun/dialect/mysqldialect v1.1.16 h1:FMiuco/9BWd6XKdp8vpn2ftGtI7B0VbkbfLm9D1Tfr4=
github.com/uptrace/bun/dialect/mysqldialect v1.1.16/go.mod h1:JJ4XfC6QHs/4IbZhtyw69lTHefiMoR9m4GYLUpW23bQ=
github.com/uptrace/bun/dialect/sqlitedialect v1.1.15 h1:uZqBNm4iJnDO4mZ1UXUzGqMhjxB5SAsafMF58s2gmkQ=
github.com/uptrace/bun/dialect/sqlitedialect v1.1.15/go.mod h1:ymLR6ladQrWS7eYTX45+lTIK7vocXiE3jXNBxUZMJlU=
github.com/uptrace/bun/driver/sqliteshim v1.1.15 h1:kIbANLgiThIBWHVUXs9fXDbgXnr5C+a98T5TKY2h1Tk=
github.com/uptrace/bun/driver/sqliteshim v1.1.15/go.mod h1:7fJaPqaiSvnWytQcMwVv1ZcjUJh7tGDonO/zq3O6RRI=
github.com/uptrace/bun/extra/bundebug v1.1.15 h1:pSOPAaGop9ZzoOxM/iPHqDOnm0tO6zIt8QJmKIclTdM=
github.com/uptrace/bun/extra/bundebug v1.1.15/go.mod h1:TyoPJ6i3BfNbVEFnpdVL5q+sMgDlClFHAJ2DQUFea88=
github.com/uptrace/bunrouter v1.0.20 h1:jNvYNcJxF+lSYBQAaQjnE6I11Zs0m+3M5Ek7fq/Tp4c=
github.com/uptrace/bunrouter v1.0.20/go.mod h1:TwT7Bc0ztF2Z2q/ZzMuSVkcb/Ig/d3MQeP2cxn3e1hI=
github.com/valyala/bytebufferpool v1.0.0 h1:GqA5TC/0021Y/b9FG4Oi9Mr3q7XYx6KllzawFIhcdPw=
github.com/valyala/bytebufferpool v1.0.0/go.mod h1:6bBcMArwyJ5K/AmCkWv1jt77kVWyCJ6HpOuEn7z0Csc=
github.com/valyala/fasthttp v1.50.0 h1:H7fweIlBm0rXLs2q0XbalvJ6r0CUPFWK3/bB4N13e9M=
github.com/valyala/fasthttp v1.50.0/go.mod h1:k2zXd82h/7UZc3VOdJ2WaUqt1uZ/XpXAfE9i+HBC3lA=
github.com/valyala/tcplisten v1.0.0 h1:rBHj/Xf+E1tRGZyWIWwJDiRY0zc1Js+CV5DqwacVSA8=
github.com/valyala/tcplisten v1.0.0/go.mod h1:T0xQ8SeCZGxckz9qRXTfG43PvQ/mcWh7FwZEA7Ioqkc=
github.com/vmihailenco/msgpack/v5 v5.3.5 h1:5gO0H1iULLWGhs2H5tbAHIZTV8/cYafcFOr9znI5mJU=
github.com/vmihailenco/msgpack/v5 v5.3.5/go.mod h1:7xyJ9e+0+9SaZT0Wt1RGleJXzli6Q/V5KbhBonMG9jc=
github.com/vmihailenco/tagparser/v2 v2.0.0 h1:y09buUbR+b5aycVFQs/g70pqKVZNBmxwAhO7/IwNM9g=
github.com/vmihailenco/tagparser/v2 v2.0.0/go.mod h1:Wri+At7QHww0WTrCBeu4J6bNtoV6mEfg5OIWRZA9qds=
github.com/yuin/goldmark v1.3.5/go.mod h1:mwnBkeHKe2W/ZEtQ+71ViKU8L12m81fl3OWwC1Zlc8k=
github.com/yuin/goldmark v1.4.1/go.mod h1:mwnBkeHKe2W/ZEtQ+71ViKU8L12m81fl3OWwC1Zlc8k=
golang.org/x/crypto v0.0.0-20190308221718-c2843e01d9a2/go.mod h1:djNgcEr1/C05ACkg1iLfiJU5Ep61QUkGW8qpdssI0+w=
golang.org/x/crypto v0.0.0-20191011191535-87dc89f01550/go.mod h1:yigFU9vqHzYiE8UmvKecakEJjdnWj3jj499lnFckfCI=
golang.org/x/crypto v0.13.0 h1:mvySKfSWJ+UKUii46M40LOvyWfN0s2U+46/jDd0e6Ck=
golang.org/x/crypto v0.13.0/go.mod h1:y6Z2r+Rw4iayiXXAIxJIDAJ1zMW4yaTpebo8fPOliYc=
golang.org/x/mod v0.4.2/go.mod h1:s0Qsj1ACt9ePp/hMypM3fl4fZqREWJwdYDEqhRiZZUA=
golang.org/x/mod v0.5.1/go.mod h1:5OXOZSfqPIIbmVBIIKWRFfZjPR0E5r58TLhUjH0a2Ro=
golang.org/x/mod v0.12.0 h1:rmsUpXtvNzj340zd98LZ4KntptpfRHwpFOHG188oHXc=
golang.org/x/mod v0.12.0/go.mod h1:iBbtSCu2XBx23ZKBPSOrRkjjQPZFPuis4dIYUhu/chs=
golang.org/x/net v0.0.0-20190327091125-710a502c58a2/go.mod h1:t9HGtf8HONx5eT2rtn7q6eTqICYqUVnKs3thJo3Qplg=
golang.org/x/net v0.0.0-20190404232315-eb5bcb51f2a3/go.mod h1:t9HGtf8HONx5eT2rtn7q6eTqICYqUVnKs3thJo3Qplg=
golang.org/x/net v0.0.0-20190620200207-3b0461eec859/go.mod h1:z5CRVTTTmAJ677TzLLGU+0bjPO0LkuOLi4/5GtJWs/s=
golang.org/x/net v0.0.0-20210405180319-a5a99cb37ef4/go.mod h1:p54w0d4576C0XHj96bSt6lcn1PtDYWL6XObtHCRCNQM=
golang.org/x/net v0.0.0-20211015210444-4f30a5c0130f/go.mod h1:9nx3DQGgdP8bBQD5qxJ1jj9UTztislL4KSBs9R2vV5Y=
golang.org/x/net v0.15.0 h1:ugBLEUaxABaB5AJqW9enI0ACdci2RUd4eP51NTBvuJ8=
golang.org/x/net v0.15.0/go.mod h1:idbUs1IY1+zTqbi8yxTbhexhEEk5ur9LInksu6HrEpk=
golang.org/x/sync v0.0.0-20190423024810-112230192c58/go.mod h1:RxMgew5VJxzue5/jJTE5uejpjVlOe/izrB70Jof72aM=
golang.org/x/sync v0.0.0-20210220032951-036812b2e83c/go.mod h1:RxMgew5VJxzue5/jJTE5uejpjVlOe/izrB70Jof72aM=
golang.org/x/sys v0.0.0-20190215142949-d0b11bdaac8a/go.mod h1:STP8DvDyc/dI5b8T5hshtkjS+E42TnysNCUPdjciGhY=
golang.org/x/sys v0.0.0-20190412213103-97732733099d/go.mod h1:h1NjWce9XRLGQEsW7wpKNCjG9DtNlClVuFLEZdDNbEs=
golang.org/x/sys v0.0.0-20201119102817-f84b799fce68/go.mod h1:h1NjWce9XRLGQEsW7wpKNCjG9DtNlClVuFLEZdDNbEs=
golang.org/x/sys v0.0.0-20210330210617-4fbd30eecc44/go.mod h1:h1NjWce9XRLGQEsW7wpKNCjG9DtNlClVuFLEZdDNbEs=
golang.org/x/sys v0.0.0-20210423082822-04245dca01da/go.mod h1:h1NjWce9XRLGQEsW7wpKNCjG9DtNlClVuFLEZdDNbEs=
golang.org/x/sys v0.0.0-20210510120138-977fb7262007/go.mod h1:oPkhp1MJrh7nUepCBck5+mAzfO9JrbApNNgaTdGDITg=
golang.org/x/sys v0.0.0-20211019181941-9d821ace8654/go.mod h1:oPkhp1MJrh7nUepCBck5+mAzfO9JrbApNNgaTdGDITg=
golang.org/x/sys v0.0.0-20220811171246-fbc7d0a398ab/go.mod h1:oPkhp1MJrh7nUepCBck5+mAzfO9JrbApNNgaTdGDITg=
golang.org/x/sys v0.6.0/go.mod h1:oPkhp1MJrh7nUepCBck5+mAzfO9JrbApNNgaTdGDITg=
golang.org/x/sys v0.12.0 h1:CM0HF96J0hcLAwsHPJZjfdNzs0gftsLfgKt57wWHJ0o=
golang.org/x/sys v0.12.0/go.mod h1:oPkhp1MJrh7nUepCBck5+mAzfO9JrbApNNgaTdGDITg=
golang.org/x/term v0.0.0-20201126162022-7de9c90e9dd1/go.mod h1:bj7SfCRtBDWHUb9snDiAeCFNEtKQo2Wmx5Cou7ajbmo=
golang.org/x/text v0.3.0/go.mod h1:NqM8EUOU14njkJ3fqMW+pc6Ldnwhi/IjpwHt7yyuwOQ=
golang.org/x/text v0.3.3/go.mod h1:5Zoc/QRtKVWzQhOtBMvqHzDpF6irO9z98xDceosuGiQ=
golang.org/x/text v0.3.6/go.mod h1:5Zoc/QRtKVWzQhOtBMvqHzDpF6irO9z98xDceosuGiQ=
golang.org/x/text v0.3.7/go.mod h1:u+2+/6zg+i71rQMx5EYifcz6MCKuco9NR6JIITiCfzQ=
golang.org/x/tools v0.0.0-20180917221912-90fa682c2a6e/go.mod h1:n7NCudcB/nEzxVGmLbDWY5pfWTLqBcC2KZ6jyYvM4mQ=
golang.org/x/tools v0.0.0-20191119224855-298f0cb1881e/go.mod h1:b+2E5dAYhXwXZwtnZ6UAqBI28+e2cm9otk0dWdXHAEo=
golang.org/x/tools v0.1.1/go.mod h1:o0xws9oXOQQZyjljx8fwUC0k7L1pTE6eaCbjGeHmOkk=
golang.org/x/tools v0.1.9/go.mod h1:nABZi5QlRsZVlzPpHl034qft6wpY4eDcsTt5AaioBiU=
golang.org/x/tools v0.13.0 h1:Iey4qkscZuv0VvIt8E0neZjtPVQFSc870HQ448QgEmQ=
golang.org/x/tools v0.13.0/go.mod h1:HvlwmtVNQAhOuCjW7xxvovg8wbNq7LwfXh/k7wXUl58=
golang.org/x/xerrors v0.0.0-20190717185122-a985d3407aa7/go.mod h1:I/5z698sn9Ka8TeJc9MKroUUfqBBauWjQqLJ2OPfmY0=
golang.org/x/xerrors v0.0.0-20191011141410-1b5146add898/go.mod h1:I/5z698sn9Ka8TeJc9MKroUUfqBBauWjQqLJ2OPfmY0=
golang.org/x/xerrors v0.0.0-20200804184101-5ec99f83aff1/go.mod h1:I/5z698sn9Ka8TeJc9MKroUUfqBBauWjQqLJ2OPfmY0=
gopkg.in/check.v1 v0.0.0-20161208181325-20d25e280405/go.mod h1:Co6ibVJAznAaIkqp8huTwlJQCZ016jof/cbN4VW5Yz0=
gopkg.in/yaml.v3 v3.0.0-20200313102051-9f266ea9e77c/go.mod h1:K4uyk7z7BCEPqu6E+C64Yfv1cQ7kz7rIZviUmN+EgEM=
lukechampine.com/uint128 v1.3.0 h1:cDdUVfRwDUDovz610ABgFD17nXD4/uDgVHl2sC3+sbo=
lukechampine.com/uint128 v1.3.0/go.mod h1:c4eWIwlEGaxC/+H1VguhU4PHXNWDCDMUlWdIWl2j1gk=
modernc.org/cc/v3 v3.41.0 h1:QoR1Sn3YWlmA1T4vLaKZfawdVtSiGx8H+cEojbC7v1Q=
modernc.org/cc/v3 v3.41.0/go.mod h1:Ni4zjJYJ04CDOhG7dn640WGfwBzfE0ecX8TyMB0Fv0Y=
modernc.org/ccgo/v3 v3.16.15 h1:KbDR3ZAVU+wiLyMESPtbtE/Add4elztFyfsWoNTgxS0=
modernc.org/ccgo/v3 v3.16.15/go.mod h1:yT7B+/E2m43tmMOT51GMoM98/MtHIcQQSleGnddkUNI=
modernc.org/libc v1.24.1 h1:uvJSeCKL/AgzBo2yYIPPTy82v21KgGnizcGYfBHaNuM=
modernc.org/libc v1.24.1/go.mod h1:FmfO1RLrU3MHJfyi9eYYmZBfi/R+tqZ6+hQ3yQQUkak=
modernc.org/mathutil v1.6.0 h1:fRe9+AmYlaej+64JsEEhoWuAYBkOtQiMEU7n/XgfYi4=
modernc.org/mathutil v1.6.0/go.mod h1:Ui5Q9q1TR2gFm0AQRqQUaBWFLAhQpCwNcuhBOSedWPo=
modernc.org/memory v1.7.1 h1:9J+2/GKTlV503mk3yv8QJ6oEpRCUrRy0ad8TXEPoV8M=
modernc.org/memory v1.7.1/go.mod h1:NO4NVCQy0N7ln+T9ngWqOQfi7ley4vpwvARR+Hjw95E=
modernc.org/opt v0.1.3 h1:3XOZf2yznlhC+ibLltsDGzABUGVx8J6pnFMS3E4dcq4=
modernc.org/opt v0.1.3/go.mod h1:WdSiB5evDcignE70guQKxYUl14mgWtbClRi5wmkkTX0=
modernc.org/sqlite v1.25.0 h1:AFweiwPNd/b3BoKnBOfFm+Y260guGMF+0UFk0savqeA=
modernc.org/sqlite v1.25.0/go.mod h1:FL3pVXie73rg3Rii6V/u5BoHlSoyeZeIgKZEgHARyCU=
modernc.org/strutil v1.2.0 h1:agBi9dp1I+eOnxXeiZawM8F4LawKv4NzGWSaLfyeNZA=
modernc.org/strutil v1.2.0/go.mod h1:/mdcBmfOibveCTBxUl5B5l6W+TTH1FXPLHZE6bTosX0=
modernc.org/token v1.1.0 h1:Xl7Ap9dKaEs5kLoOQeQmPWevfnk/DM5qcLcYlA8ys6Y=
modernc.org/token v1.1.0/go.mod h1:UGzOrNV1mAFSEB63lOFHIpNRUVMvYTc6yu1SMY/XTDM=
